
Microsoft Visual Studio Solution File, Format Version 12.00
# Visual Studio 15
VisualStudioVersion = 15.0.27130.2027
MinimumVisualStudioVersion = 10.0.40219.1
Project("{FAE04EC0-301F-11D3-BF4B-00C04F79EFBC}") = "CloudFlareDDNS", "CloudFlareDDNS.csproj", "{97A891A0-1839-492B-B851-819AC4277B16}"
EndProject
Global
	GlobalSection(SolutionConfigurationPlatforms) = preSolution
		Debug|Any CPU = Debug|Any CPU
		Release|Any CPU = Release|Any CPU
	EndGlobalSection
	GlobalSection(ProjectConfigurationPlatforms) = postSolution
		{97A891A0-1839-492B-B851-819AC4277B16}.Debug|Any CPU.ActiveCfg = Debug|Any CPU
		{97A891A0-1839-492B-B851-819AC4277B16}.Debug|Any CPU.Build.0 = Debug|Any CPU
		{97A891A0-1839-492B-B851-819AC4277B16}.Release|Any CPU.ActiveCfg = Release|Any CPU
		{97A891A0-1839-492B-B851-819AC4277B16}.Release|Any CPU.Build.0 = Release|Any CPU
	EndGlobalSection
	GlobalSection(SolutionProperties) = preSolution
		HideSolutionNode = FALSE
	EndGlobalSection
	GlobalSection(ExtensibilityGlobals) = postSolution
		SolutionGuid = {6C37CB89-B33B-4D8F-B68F-32F8D887D750}
	EndGlobalSection
EndGlobal
